
Microsoft Visual Studio Solution File, Format Version 12.00
# Visual Studio Version 17
VisualStudioVersion = 17.12.35506.116
MinimumVisualStudioVersion = 10.0.40219.1
Project("{FAE04EC0-301F-11D3-BF4B-00C04F79EFBC}") = "ETL", "vPicETL\ETL.csproj", "{266F659E-571E-4F06-B324-EEB00A2FDF4E}"
EndProject
Project("{FAE04EC0-301F-11D3-BF4B-00C04F79EFBC}") = "API", "API\API.csproj", "{5F7C2DB4-9070-4397-B78D-63EB03ECE1FB}"
EndProject
Project("{FAE04EC0-301F-11D3-BF4B-00C04F79EFBC}") = "SharedLib", "SharedLib\SharedLib.csproj", "{C633F4EC-C96E-4356-801D-D04E555D923B}"
EndProject
Global
	GlobalSection(SolutionConfigurationPlatforms) = preSolution
		Debug|Any CPU = Debug|Any CPU
		Release|Any CPU = Release|Any CPU
	EndGlobalSection
	GlobalSection(ProjectConfigurationPlatforms) = postSolution
		{266F659E-571E-4F06-B324-EEB00A2FDF4E}.Debug|Any CPU.ActiveCfg = Debug|Any CPU
		{266F659E-571E-4F06-B324-EEB00A2FDF4E}.Debug|Any CPU.Build.0 = Debug|Any CPU
		{266F659E-571E-4F06-B324-EEB00A2FDF4E}.Release|Any CPU.ActiveCfg = Release|Any CPU
		{266F659E-571E-4F06-B324-EEB00A2FDF4E}.Release|Any CPU.Build.0 = Release|Any CPU
		{5F7C2DB4-9070-4397-B78D-63EB03ECE1FB}.Debug|Any CPU.ActiveCfg = Debug|Any CPU
		{5F7C2DB4-9070-4397-B78D-63EB03ECE1FB}.Debug|Any CPU.Build.0 = Debug|Any CPU
		{5F7C2DB4-9070-4397-B78D-63EB03ECE1FB}.Release|Any CPU.ActiveCfg = Release|Any CPU
		{5F7C2DB4-9070-4397-B78D-63EB03ECE1FB}.Release|Any CPU.Build.0 = Release|Any CPU
		{C633F4EC-C96E-4356-801D-D04E555D923B}.Debug|Any CPU.ActiveCfg = Debug|Any CPU
		{C633F4EC-C96E-4356-801D-D04E555D923B}.Debug|Any CPU.Build.0 = Debug|Any CPU
		{C633F4EC-C96E-4356-801D-D04E555D923B}.Release|Any CPU.ActiveCfg = Release|Any CPU
		{C633F4EC-C96E-4356-801D-D04E555D923B}.Release|Any CPU.Build.0 = Release|Any CPU
	EndGlobalSection
	GlobalSection(SolutionProperties) = preSolution
		HideSolutionNode = FALSE
	EndGlobalSection
EndGlobal
